{
  "name": "git-server",
  "version": "1.0.0",
  "lockfileVersion": 1,
  "requires": true,
  "dependencies": {
    "git-http-backend": {
      "version": "1.0.2",
      "resolved": "https://registry.npmjs.org/git-http-backend/-/git-http-backend-1.0.2.tgz",
      "integrity": "sha1-3AHkKEIJNTBkRTpw+S+J3gg06xA=",
      "requires": {
        "git-side-band-message": "0.0.3",
        "inherits": "2.0.3"
      }
    },
    "git-side-band-message": {
      "version": "0.0.3",
      "resolved": "https://registry.npmjs.org/git-side-band-message/-/git-side-band-message-0.0.3.tgz",
      "integrity": "sha1-uKU0jC3L8ZSf0pXFBgFOJsPyakY="
    },
    "inherits": {
      "version": "2.0.3",
      "resolved": "https://registry.npmjs.org/inherits/-/inherits-2.0.3.tgz",
      "integrity": "sha1-Yzwsg+PaQqUC9SRmAiSA9CCCYd4="
    }
  }
}
